
Microsoft Visual Studio Solution File, Format Version 12.00
# Visual Studio Version 16
VisualStudioVersion = 16.0.31515.178
MinimumVisualStudioVersion = 10.0.40219.1
Project("{FAE04EC0-301F-11D3-BF4B-00C04F79EFBC}") = "MyAspCoreFinalProject", "MyAspCoreFinalProject.csproj", "{A75CDB2D-DA2C-40CB-933B-5B51BE176D96}"
EndProject
Global
	GlobalSection(SolutionConfigurationPlatforms) = preSolution
		Debug|Any CPU = Debug|Any CPU
		Release|Any CPU = Release|Any CPU
	EndGlobalSection
	GlobalSection(ProjectConfigurationPlatforms) = postSolution
		{A75CDB2D-DA2C-40CB-933B-5B51BE176D96}.Debug|Any CPU.ActiveCfg = Debug|Any CPU
		{A75CDB2D-DA2C-40CB-933B-5B51BE176D96}.Debug|Any CPU.Build.0 = Debug|Any CPU
		{A75CDB2D-DA2C-40CB-933B-5B51BE176D96}.Release|Any CPU.ActiveCfg = Release|Any CPU
		{A75CDB2D-DA2C-40CB-933B-5B51BE176D96}.Release|Any CPU.Build.0 = Release|Any CPU
	EndGlobalSection
	GlobalSection(SolutionProperties) = preSolution
		HideSolutionNode = FALSE
	EndGlobalSection
	GlobalSection(ExtensibilityGlobals) = postSolution
		SolutionGuid = {5750561A-831C-4906-906D-7188C9CF70A0}
	EndGlobalSection
EndGlobal
